
Microsoft Visual Studio Solution File, Format Version 12.00
# Visual Studio Version 16
VisualStudioVersion = 16.0.30907.101
MinimumVisualStudioVersion = 10.0.40219.1
Project("{9A19103F-16F7-4668-BE54-9A1E7A4F7556}") = "Kampintro", "Kampintro\Kampintro.csproj", "{89633A9C-6559-460F-97B2-D95111A70BDE}"
EndProject
Project("{9A19103F-16F7-4668-BE54-9A1E7A4F7556}") = "Donguler", "Donguler\Donguler.csproj", "{03DD481D-7E98-4FFA-A065-7F55CD173746}"
EndProject
Project("{9A19103F-16F7-4668-BE54-9A1E7A4F7556}") = "classIntro", "classIntro\classIntro.csproj", "{E2B3B37F-73C2-44A9-B985-769FC4D392E4}"
EndProject
Project("{9A19103F-16F7-4668-BE54-9A1E7A4F7556}") = "eticaret", "eticaret\eticaret.csproj", "{A12E0394-6104-44B1-B4AF-2D010CD7016A}"
EndProject
Project("{9A19103F-16F7-4668-BE54-9A1E7A4F7556}") = "Metotlar", "Metotlar\Metotlar.csproj", "{EB5420AB-8F2F-47EC-9F1C-956848681DE4}"
EndProject
Project("{9A19103F-16F7-4668-BE54-9A1E7A4F7556}") = "Matematik", "Matematik\Matematik.csproj", "{939345E0-EA27-4A08-8E88-76B6F72042CB}"
EndProject
Project("{9A19103F-16F7-4668-BE54-9A1E7A4F7556}") = "DegerVeReferansTipler", "DegerVeReferansTipler\DegerVeReferansTipler.csproj", "{F1724E01-B92C-442C-A1DF-70D33979CF0B}"
EndProject
Project("{9A19103F-16F7-4668-BE54-9A1E7A4F7556}") = "OOP1", "OOP1\OOP1.csproj", "{E5ADF20A-4C50-4ACE-ABD9-A73B7228B98A}"
EndProject
Project("{9A19103F-16F7-4668-BE54-9A1E7A4F7556}") = "Koleksiyonlar", "Koleksiyonlar\Koleksiyonlar.csproj", "{4E36E2F9-9228-4475-8853-D68729EDF14C}"
EndProject
Project("{9A19103F-16F7-4668-BE54-9A1E7A4F7556}") = "GenericsIntro", "GenericsIntro\GenericsIntro.csproj", "{17775551-1F18-41CC-B2B9-0F0B972ABA7A}"
EndProject
Project("{9A19103F-16F7-4668-BE54-9A1E7A4F7556}") = "ReferenceTypes", "ReferenceTypes\ReferenceTypes.csproj", "{E2D45CE3-650F-4A17-84F2-8AFBDD0440B0}"
EndProject
Project("{9A19103F-16F7-4668-BE54-9A1E7A4F7556}") = "Constructors", "Constructors\Constructors.csproj", "{F4F76846-C921-422E-8566-28196B815070}"
EndProject
Project("{9A19103F-16F7-4668-BE54-9A1E7A4F7556}") = "Generic", "Generic\Generic.csproj", "{55727F0B-AC66-40D9-9383-23634E888C62}"
EndProject
Project("{9A19103F-16F7-4668-BE54-9A1E7A4F7556}") = "DictonaryOwn", "DictonaryOwn\DictonaryOwn.csproj", "{6EA6013D-9865-477D-873E-BDCE6E91245E}"
EndProject
Project("{9A19103F-16F7-4668-BE54-9A1E7A4F7556}") = "OOP2", "OOP2\OOP2.csproj", "{AD32777F-DF3B-4A4A-9A5C-1EE0901FF297}"
EndProject
Project("{9A19103F-16F7-4668-BE54-9A1E7A4F7556}") = "OOP3", "OOP3\OOP3.csproj", "{45ADB15C-44C0-4D52-A1CC-3519E69CBD34}"
EndProject
Project("{FAE04EC0-301F-11D3-BF4B-00C04F79EFBC}") = "RecapDemo1", "RecapDemo1\RecapDemo1.csproj", "{F2C428C9-6656-472F-8AEC-9F90E4D6F1E4}"
EndProject
Project("{9A19103F-16F7-4668-BE54-9A1E7A4F7556}") = "Interfaces", "Interfaces\Interfaces.csproj", "{F19556CB-8BC6-4CED-9282-3D6837196170}"
EndProject
Project("{FAE04EC0-301F-11D3-BF4B-00C04F79EFBC}") = "InterfacesDemo", "InterfacesDemo\InterfacesDemo.csproj", "{BE00F7E7-F8DC-4DA5-BEDC-C319DDA329F0}"
EndProject
Project("{FAE04EC0-301F-11D3-BF4B-00C04F79EFBC}") = "Inheritance", "Inheritance\Inheritance.csproj", "{0CD2F206-93E6-45AF-843F-BF10539D6EF9}"
EndProject
Global
	GlobalSection(SolutionConfigurationPlatforms) = preSolution
		Debug|Any CPU = Debug|Any CPU
		Release|Any CPU = Release|Any CPU
	EndGlobalSection
	GlobalSection(ProjectConfigurationPlatforms) = postSolution
		{89633A9C-6559-460F-97B2-D95111A70BDE}.Debug|Any CPU.ActiveCfg = Debug|Any CPU
		{89633A9C-6559-460F-97B2-D95111A70BDE}.Debug|Any CPU.Build.0 = Debug|Any CPU
		{89633A9C-6559-460F-97B2-D95111A70BDE}.Release|Any CPU.ActiveCfg = Release|Any CPU
		{89633A9C-6559-460F-97B2-D95111A70BDE}.Release|Any CPU.Build.0 = Release|Any CPU
		{03DD481D-7E98-4FFA-A065-7F55CD173746}.Debug|Any CPU.ActiveCfg = Debug|Any CPU
		{03DD481D-7E98-4FFA-A065-7F55CD173746}.Debug|Any CPU.Build.0 = Debug|Any CPU
		{03DD481D-7E98-4FFA-A065-7F55CD173746}.Release|Any CPU.ActiveCfg = Release|Any CPU
		{03DD481D-7E98-4FFA-A065-7F55CD173746}.Release|Any CPU.Build.0 = Release|Any CPU
		{E2B3B37F-73C2-44A9-B985-769FC4D392E4}.Debug|Any CPU.ActiveCfg = Debug|Any CPU
		{E2B3B37F-73C2-44A9-B985-769FC4D392E4}.Debug|Any CPU.Build.0 = Debug|Any CPU
		{E2B3B37F-73C2-44A9-B985-769FC4D392E4}.Release|Any CPU.ActiveCfg = Release|Any CPU
		{E2B3B37F-73C2-44A9-B985-769FC4D392E4}.Release|Any CPU.Build.0 = Release|Any CPU
		{A12E0394-6104-44B1-B4AF-2D010CD7016A}.Debug|Any CPU.ActiveCfg = Debug|Any CPU
		{A12E0394-6104-44B1-B4AF-2D010CD7016A}.Debug|Any CPU.Build.0 = Debug|Any CPU
		{A12E0394-6104-44B1-B4AF-2D010CD7016A}.Release|Any CPU.ActiveCfg = Release|Any CPU
		{A12E0394-6104-44B1-B4AF-2D010CD7016A}.Release|Any CPU.Build.0 = Release|Any CPU
		{EB5420AB-8F2F-47EC-9F1C-956848681DE4}.Debug|Any CPU.ActiveCfg = Debug|Any CPU
		{EB5420AB-8F2F-47EC-9F1C-956848681DE4}.Debug|Any CPU.Build.0 = Debug|Any CPU
		{EB5420AB-8F2F-47EC-9F1C-956848681DE4}.Release|Any CPU.ActiveCfg = Release|Any CPU
		{EB5420AB-8F2F-47EC-9F1C-956848681DE4}.Release|Any CPU.Build.0 = Release|Any CPU
		{939345E0-EA27-4A08-8E88-76B6F72042CB}.Debug|Any CPU.ActiveCfg = Debug|Any CPU
		{939345E0-EA27-4A08-8E88-76B6F72042CB}.Debug|Any CPU.Build.0 = Debug|Any CPU
		{939345E0-EA27-4A08-8E88-76B6F72042CB}.Release|Any CPU.ActiveCfg = Release|Any CPU
		{939345E0-EA27-4A08-8E88-76B6F72042CB}.Release|Any CPU.Build.0 = Release|Any CPU
		{F1724E01-B92C-442C-A1DF-70D33979CF0B}.Debug|Any CPU.ActiveCfg = Debug|Any CPU
		{F1724E01-B92C-442C-A1DF-70D33979CF0B}.Debug|Any CPU.Build.0 = Debug|Any CPU
		{F1724E01-B92C-442C-A1DF-70D33979CF0B}.Release|Any CPU.ActiveCfg = Release|Any CPU
		{F1724E01-B92C-442C-A1DF-70D33979CF0B}.Release|Any CPU.Build.0 = Release|Any CPU
		{E5ADF20A-4C50-4ACE-ABD9-A73B7228B98A}.Debug|Any CPU.ActiveCfg = Debug|Any CPU
		{E5ADF20A-4C50-4ACE-ABD9-A73B7228B98A}.Debug|Any CPU.Build.0 = Debug|Any CPU
		{E5ADF20A-4C50-4ACE-ABD9-A73B7228B98A}.Release|Any CPU.ActiveCfg = Release|Any CPU
		{E5ADF20A-4C50-4ACE-ABD9-A73B7228B98A}.Release|Any CPU.Build.0 = Release|Any CPU
		{4E36E2F9-9228-4475-8853-D68729EDF14C}.Debug|Any CPU.ActiveCfg = Debug|Any CPU
		{4E36E2F9-9228-4475-8853-D68729EDF14C}.Debug|Any CPU.Build.0 = Debug|Any CPU
		{4E36E2F9-9228-4475-8853-D68729EDF14C}.Release|Any CPU.ActiveCfg = Release|Any CPU
		{4E36E2F9-9228-4475-8853-D68729EDF14C}.Release|Any CPU.Build.0 = Release|Any CPU
		{17775551-1F18-41CC-B2B9-0F0B972ABA7A}.Debug|Any CPU.ActiveCfg = Debug|Any CPU
		{17775551-1F18-41CC-B2B9-0F0B972ABA7A}.Debug|Any CPU.Build.0 = Debug|Any CPU
		{17775551-1F18-41CC-B2B9-0F0B972ABA7A}.Release|Any CPU.ActiveCfg = Release|Any CPU
		{17775551-1F18-41CC-B2B9-0F0B972ABA7A}.Release|Any CPU.Build.0 = Release|Any CPU
		{E2D45CE3-650F-4A17-84F2-8AFBDD0440B0}.Debug|Any CPU.ActiveCfg = Debug|Any CPU
		{E2D45CE3-650F-4A17-84F2-8AFBDD0440B0}.Debug|Any CPU.Build.0 = Debug|Any CPU
		{E2D45CE3-650F-4A17-84F2-8AFBDD0440B0}.Release|Any CPU.ActiveCfg = Release|Any CPU
		{E2D45CE3-650F-4A17-84F2-8AFBDD0440B0}.Release|Any CPU.Build.0 = Release|Any CPU
		{F4F76846-C921-422E-8566-28196B815070}.Debug|Any CPU.ActiveCfg = Debug|Any CPU
		{F4F76846-C921-422E-8566-28196B815070}.Debug|Any CPU.Build.0 = Debug|Any CPU
		{F4F76846-C921-422E-8566-28196B815070}.Release|Any CPU.ActiveCfg = Release|Any CPU
		{F4F76846-C921-422E-8566-28196B815070}.Release|Any CPU.Build.0 = Release|Any CPU
		{55727F0B-AC66-40D9-9383-23634E888C62}.Debug|Any CPU.ActiveCfg = Debug|Any CPU
		{55727F0B-AC66-40D9-9383-23634E888C62}.Debug|Any CPU.Build.0 = Debug|Any CPU
		{55727F0B-AC66-40D9-9383-23634E888C62}.Release|Any CPU.ActiveCfg = Release|Any CPU
		{55727F0B-AC66-40D9-9383-23634E888C62}.Release|Any CPU.Build.0 = Release|Any CPU
		{6EA6013D-9865-477D-873E-BDCE6E91245E}.Debug|Any CPU.ActiveCfg = Debug|Any CPU
		{6EA6013D-9865-477D-873E-BDCE6E91245E}.Debug|Any CPU.Build.0 = Debug|Any CPU
		{6EA6013D-9865-477D-873E-BDCE6E91245E}.Release|Any CPU.ActiveCfg = Release|Any CPU
		{6EA6013D-9865-477D-873E-BDCE6E91245E}.Release|Any CPU.Build.0 = Release|Any CPU
		{AD32777F-DF3B-4A4A-9A5C-1EE0901FF297}.Debug|Any CPU.ActiveCfg = Debug|Any CPU
		{AD32777F-DF3B-4A4A-9A5C-1EE0901FF297}.Debug|Any CPU.Build.0 = Debug|Any CPU
		{AD32777F-DF3B-4A4A-9A5C-1EE0901FF297}.Release|Any CPU.ActiveCfg = Release|Any CPU
		{AD32777F-DF3B-4A4A-9A5C-1EE0901FF297}.Release|Any CPU.Build.0 = Release|Any CPU
		{45ADB15C-44C0-4D52-A1CC-3519E69CBD34}.Debug|Any CPU.ActiveCfg = Debug|Any CPU
		{45ADB15C-44C0-4D52-A1CC-3519E69CBD34}.Debug|Any CPU.Build.0 = Debug|Any CPU
		{45ADB15C-44C0-4D52-A1CC-3519E69CBD34}.Release|Any CPU.ActiveCfg = Release|Any CPU
		{45ADB15C-44C0-4D52-A1CC-3519E69CBD34}.Release|Any CPU.Build.0 = Release|Any CPU
		{F2C428C9-6656-472F-8AEC-9F90E4D6F1E4}.Debug|Any CPU.ActiveCfg = Debug|Any CPU
		{F2C428C9-6656-472F-8AEC-9F90E4D6F1E4}.Debug|Any CPU.Build.0 = Debug|Any CPU
		{F2C428C9-6656-472F-8AEC-9F90E4D6F1E4}.Release|Any CPU.ActiveCfg = Release|Any CPU
		{F2C428C9-6656-472F-8AEC-9F90E4D6F1E4}.Release|Any CPU.Build.0 = Release|Any CPU
		{F19556CB-8BC6-4CED-9282-3D6837196170}.Debug|Any CPU.ActiveCfg = Debug|Any CPU
		{F19556CB-8BC6-4CED-9282-3D6837196170}.Debug|Any CPU.Build.0 = Debug|Any CPU
		{F19556CB-8BC6-4CED-9282-3D6837196170}.Release|Any CPU.ActiveCfg = Release|Any CPU
		{F19556CB-8BC6-4CED-9282-3D6837196170}.Release|Any CPU.Build.0 = Release|Any CPU
		{BE00F7E7-F8DC-4DA5-BEDC-C319DDA329F0}.Debug|Any CPU.ActiveCfg = Debug|Any CPU
		{BE00F7E7-F8DC-4DA5-BEDC-C319DDA329F0}.Debug|Any CPU.Build.0 = Debug|Any CPU
		{BE00F7E7-F8DC-4DA5-BEDC-C319DDA329F0}.Release|Any CPU.ActiveCfg = Release|Any CPU
		{BE00F7E7-F8DC-4DA5-BEDC-C319DDA329F0}.Release|Any CPU.Build.0 = Release|Any CPU
		{0CD2F206-93E6-45AF-843F-BF10539D6EF9}.Debug|Any CPU.ActiveCfg = Debug|Any CPU
		{0CD2F206-93E6-45AF-843F-BF10539D6EF9}.Debug|Any CPU.Build.0 = Debug|Any CPU
		{0CD2F206-93E6-45AF-843F-BF10539D6EF9}.Release|Any CPU.ActiveCfg = Release|Any CPU
		{0CD2F206-93E6-45AF-843F-BF10539D6EF9}.Release|Any CPU.Build.0 = Release|Any CPU
	EndGlobalSection
	GlobalSection(SolutionProperties) = preSolution
		HideSolutionNode = FALSE
	EndGlobalSection
	GlobalSection(ExtensibilityGlobals) = postSolution
		SolutionGuid = {BE902836-4DFC-4689-B794-D69E83670C09}
	EndGlobalSection
EndGlobal
